
Microsoft Visual Studio Solution File, Format Version 12.00
# Visual Studio Version 16
VisualStudioVersion = 16.0.29613.14
MinimumVisualStudioVersion = 10.0.40219.1
Project("{FAE04EC0-301F-11D3-BF4B-00C04F79EFBC}") = "InvestWallet", "InvestWallet\InvestWallet.csproj", "{8575CF97-091C-49AA-B910-D31E9499E4CA}"
EndProject
Global
	GlobalSection(SolutionConfigurationPlatforms) = preSolution
		Debug|Any CPU = Debug|Any CPU
		Release|Any CPU = Release|Any CPU
	EndGlobalSection
	GlobalSection(ProjectConfigurationPlatforms) = postSolution
		{8575CF97-091C-49AA-B910-D31E9499E4CA}.Debug|Any CPU.ActiveCfg = Debug|Any CPU
		{8575CF97-091C-49AA-B910-D31E9499E4CA}.Debug|Any CPU.Build.0 = Debug|Any CPU
		{8575CF97-091C-49AA-B910-D31E9499E4CA}.Release|Any CPU.ActiveCfg = Release|Any CPU
		{8575CF97-091C-49AA-B910-D31E9499E4CA}.Release|Any CPU.Build.0 = Release|Any CPU
	EndGlobalSection
	GlobalSection(SolutionProperties) = preSolution
		HideSolutionNode = FALSE
	EndGlobalSection
	GlobalSection(ExtensibilityGlobals) = postSolution
		SolutionGuid = {E2E3BD87-EC23-4B36-B7B0-0FD76E287992}
	EndGlobalSection
EndGlobal
